
Microsoft Visual Studio Solution File, Format Version 12.00
Project("{2150E333-8FDC-42A3-9474-1A3956D46DE8}") = "src", "src", "{4E175D88-AF6B-49EE-BF06-DEA4F60A6334}"
EndProject
Project("{2150E333-8FDC-42A3-9474-1A3956D46DE8}") = "Core", "Core", "{204F27C9-AFFE-43D1-ADA9-7CB7CCE1DAAB}"
EndProject
Project("{FAE04EC0-301F-11D3-BF4B-00C04F79EFBC}") = "KouMobilio.Domain", "src\Core\KouMobilio.Domain\KouMobilio.Domain.csproj", "{705FE5E8-D2B2-45A4-B877-F92017D306DE}"
EndProject
Project("{FAE04EC0-301F-11D3-BF4B-00C04F79EFBC}") = "KouMobilio.Application", "src\Core\KouMobilio.Application\KouMobilio.Application.csproj", "{060088EA-67B5-4621-9C46-60C384926FB6}"
EndProject
Project("{2150E333-8FDC-42A3-9474-1A3956D46DE8}") = "Infrastructure", "Infrastructure", "{D8663510-9B2F-4409-823D-116AAC8658E7}"
EndProject
Project("{FAE04EC0-301F-11D3-BF4B-00C04F79EFBC}") = "KouMobile.Persistence", "src\Infrastructure\KouMobile.Persistence\KouMobile.Persistence.csproj", "{9A9D81B9-AE70-4661-98E8-26171F118BF8}"
EndProject
Project("{FAE04EC0-301F-11D3-BF4B-00C04F79EFBC}") = "KouMobile.Infrastructure", "src\Infrastructure\KouMobile.Infrastructure\KouMobile.Infrastructure.csproj", "{88A5FB2C-79F9-4513-B41B-63F8152A2952}"
EndProject
Project("{2150E333-8FDC-42A3-9474-1A3956D46DE8}") = "Presentation", "Presentation", "{7E2B48B9-322B-4596-8D17-FEBD7930D805}"
EndProject
Project("{FAE04EC0-301F-11D3-BF4B-00C04F79EFBC}") = "KouMobilio.WebAPI", "src\Presentation\KouMobilio.WebAPI\KouMobilio.WebAPI.csproj", "{73CF8027-CB8B-44F1-92D8-0C0A98372A81}"
EndProject
Project("{FAE04EC0-301F-11D3-BF4B-00C04F79EFBC}") = "KouMobilio.Components", "src\Core\KouMobilio.Components\KouMobilio.Components.csproj", "{D86C5C74-A61A-4F66-A2CE-39A10E83E49E}"
EndProject
Global
	GlobalSection(SolutionConfigurationPlatforms) = preSolution
		Debug|Any CPU = Debug|Any CPU
		Release|Any CPU = Release|Any CPU
	EndGlobalSection
	GlobalSection(NestedProjects) = preSolution
		{204F27C9-AFFE-43D1-ADA9-7CB7CCE1DAAB} = {4E175D88-AF6B-49EE-BF06-DEA4F60A6334}
		{705FE5E8-D2B2-45A4-B877-F92017D306DE} = {204F27C9-AFFE-43D1-ADA9-7CB7CCE1DAAB}
		{060088EA-67B5-4621-9C46-60C384926FB6} = {204F27C9-AFFE-43D1-ADA9-7CB7CCE1DAAB}
		{D8663510-9B2F-4409-823D-116AAC8658E7} = {4E175D88-AF6B-49EE-BF06-DEA4F60A6334}
		{9A9D81B9-AE70-4661-98E8-26171F118BF8} = {D8663510-9B2F-4409-823D-116AAC8658E7}
		{88A5FB2C-79F9-4513-B41B-63F8152A2952} = {D8663510-9B2F-4409-823D-116AAC8658E7}
		{7E2B48B9-322B-4596-8D17-FEBD7930D805} = {4E175D88-AF6B-49EE-BF06-DEA4F60A6334}
		{73CF8027-CB8B-44F1-92D8-0C0A98372A81} = {7E2B48B9-322B-4596-8D17-FEBD7930D805}
		{D86C5C74-A61A-4F66-A2CE-39A10E83E49E} = {204F27C9-AFFE-43D1-ADA9-7CB7CCE1DAAB}
	EndGlobalSection
	GlobalSection(ProjectConfigurationPlatforms) = postSolution
		{705FE5E8-D2B2-45A4-B877-F92017D306DE}.Debug|Any CPU.ActiveCfg = Debug|Any CPU
		{705FE5E8-D2B2-45A4-B877-F92017D306DE}.Debug|Any CPU.Build.0 = Debug|Any CPU
		{705FE5E8-D2B2-45A4-B877-F92017D306DE}.Release|Any CPU.ActiveCfg = Release|Any CPU
		{705FE5E8-D2B2-45A4-B877-F92017D306DE}.Release|Any CPU.Build.0 = Release|Any CPU
		{060088EA-67B5-4621-9C46-60C384926FB6}.Debug|Any CPU.ActiveCfg = Debug|Any CPU
		{060088EA-67B5-4621-9C46-60C384926FB6}.Debug|Any CPU.Build.0 = Debug|Any CPU
		{060088EA-67B5-4621-9C46-60C384926FB6}.Release|Any CPU.ActiveCfg = Release|Any CPU
		{060088EA-67B5-4621-9C46-60C384926FB6}.Release|Any CPU.Build.0 = Release|Any CPU
		{9A9D81B9-AE70-4661-98E8-26171F118BF8}.Debug|Any CPU.ActiveCfg = Debug|Any CPU
		{9A9D81B9-AE70-4661-98E8-26171F118BF8}.Debug|Any CPU.Build.0 = Debug|Any CPU
		{9A9D81B9-AE70-4661-98E8-26171F118BF8}.Release|Any CPU.ActiveCfg = Release|Any CPU
		{9A9D81B9-AE70-4661-98E8-26171F118BF8}.Release|Any CPU.Build.0 = Release|Any CPU
		{88A5FB2C-79F9-4513-B41B-63F8152A2952}.Debug|Any CPU.ActiveCfg = Debug|Any CPU
		{88A5FB2C-79F9-4513-B41B-63F8152A2952}.Debug|Any CPU.Build.0 = Debug|Any CPU
		{88A5FB2C-79F9-4513-B41B-63F8152A2952}.Release|Any CPU.ActiveCfg = Release|Any CPU
		{88A5FB2C-79F9-4513-B41B-63F8152A2952}.Release|Any CPU.Build.0 = Release|Any CPU
		{73CF8027-CB8B-44F1-92D8-0C0A98372A81}.Debug|Any CPU.ActiveCfg = Debug|Any CPU
		{73CF8027-CB8B-44F1-92D8-0C0A98372A81}.Debug|Any CPU.Build.0 = Debug|Any CPU
		{73CF8027-CB8B-44F1-92D8-0C0A98372A81}.Release|Any CPU.ActiveCfg = Release|Any CPU
		{73CF8027-CB8B-44F1-92D8-0C0A98372A81}.Release|Any CPU.Build.0 = Release|Any CPU
		{D86C5C74-A61A-4F66-A2CE-39A10E83E49E}.Debug|Any CPU.ActiveCfg = Debug|Any CPU
		{D86C5C74-A61A-4F66-A2CE-39A10E83E49E}.Debug|Any CPU.Build.0 = Debug|Any CPU
		{D86C5C74-A61A-4F66-A2CE-39A10E83E49E}.Release|Any CPU.ActiveCfg = Release|Any CPU
		{D86C5C74-A61A-4F66-A2CE-39A10E83E49E}.Release|Any CPU.Build.0 = Release|Any CPU
	EndGlobalSection
EndGlobal
